
Microsoft Visual Studio Solution File, Format Version 12.00
# Visual Studio 15
VisualStudioVersion = 15.0.27004.2002
MinimumVisualStudioVersion = 10.0.40219.1
Project("{FAE04EC0-301F-11D3-BF4B-00C04F79EFBC}") = "R-Student", "R-Student\R-Student.csproj", "{A1D37A47-6CD2-442B-ACCA-69E47DB1DC56}"
EndProject
Global
	GlobalSection(SolutionConfigurationPlatforms) = preSolution
		Debug|Any CPU = Debug|Any CPU
		Release|Any CPU = Release|Any CPU
	EndGlobalSection
	GlobalSection(ProjectConfigurationPlatforms) = postSolution
		{A1D37A47-6CD2-442B-ACCA-69E47DB1DC56}.Debug|Any CPU.ActiveCfg = Debug|Any CPU
		{A1D37A47-6CD2-442B-ACCA-69E47DB1DC56}.Debug|Any CPU.Build.0 = Debug|Any CPU
		{A1D37A47-6CD2-442B-ACCA-69E47DB1DC56}.Release|Any CPU.ActiveCfg = Release|Any CPU
		{A1D37A47-6CD2-442B-ACCA-69E47DB1DC56}.Release|Any CPU.Build.0 = Release|Any CPU
	EndGlobalSection
	GlobalSection(SolutionProperties) = preSolution
		HideSolutionNode = FALSE
	EndGlobalSection
	GlobalSection(ExtensibilityGlobals) = postSolution
		SolutionGuid = {86D65165-6E62-4F9A-97E7-A6107B9F171D}
	EndGlobalSection
EndGlobal
